// !$*UTF8*$!
{
	archiveVersion = 1;
	classes = {
	};
	objectVersion = 50;
	objects = {

/* Begin PBXBuildFile section */
		A90586B42704972C00269DF4 /* FavoriteButton.swift in Sources */ = {isa = PBXBuildFile; fileRef = A90586B32704972B00269DF4 /* FavoriteButton.swift */; };
		A95A0EB7270342F50046270C /* LandmarkRow.swift in Sources */ = {isa = PBXBuildFile; fileRef = A95A0EB6270342F50046270C /* LandmarkRow.swift */; };
		A95A0EB927034D790046270C /* LandmarkList.swift in Sources */ = {isa = PBXBuildFile; fileRef = A95A0EB827034D790046270C /* LandmarkList.swift */; };
		A95A0EBB2703794E0046270C /* LandmarkDetail.swift in Sources */ = {isa = PBXBuildFile; fileRef = A95A0EBA2703794E0046270C /* LandmarkDetail.swift */; };
		A98CDAF22706616C00376E3A /* Badge.swift in Sources */ = {isa = PBXBuildFile; fileRef = A98CDAF12706616C00376E3A /* Badge.swift */; };
		A98CDAF527066A3A00376E3A /* hikeData.json in Resources */ = {isa = PBXBuildFile; fileRef = A98CDAF427066A3A00376E3A /* hikeData.json */; };
		A98CDAF7270671D400376E3A /* Hike.swift in Sources */ = {isa = PBXBuildFile; fileRef = A98CDAF6270671D400376E3A /* Hike.swift */; };
		A98CDAFD2706867400376E3A /* GraphCapsule.swift in Sources */ = {isa = PBXBuildFile; fileRef = A98CDAF92706867400376E3A /* GraphCapsule.swift */; };
		A98CDAFE2706867400376E3A /* HikeGraph.swift in Sources */ = {isa = PBXBuildFile; fileRef = A98CDAFA2706867400376E3A /* HikeGraph.swift */; };
		A98CDAFF2706867400376E3A /* HikeDetail.swift in Sources */ = {isa = PBXBuildFile; fileRef = A98CDAFB2706867400376E3A /* HikeDetail.swift */; };
		A98CDB002706867400376E3A /* HikeView.swift in Sources */ = {isa = PBXBuildFile; fileRef = A98CDAFC2706867400376E3A /* HikeView.swift */; };
		A98CDB032706930700376E3A /* CategoryHome.swift in Sources */ = {isa = PBXBuildFile; fileRef = A98CDB022706930700376E3A /* CategoryHome.swift */; };
		A98CDB052706963A00376E3A /* CategoryRow.swift in Sources */ = {isa = PBXBuildFile; fileRef = A98CDB042706963A00376E3A /* CategoryRow.swift */; };
		A98CDB072706984200376E3A /* CategoryItem.swift in Sources */ = {isa = PBXBuildFile; fileRef = A98CDB062706984200376E3A /* CategoryItem.swift */; };
		A9F59A652705E76D0058F590 /* HexagonParameters.swift in Sources */ = {isa = PBXBuildFile; fileRef = A9F59A642705E76D0058F590 /* HexagonParameters.swift */; };
		A9F59A672705EA0A0058F590 /* BadgeBackground.swift in Sources */ = {isa = PBXBuildFile; fileRef = A9F59A662705EA0A0058F590 /* BadgeBackground.swift */; };
		A9F59A6927061EBF0058F590 /* BadgeSymbol.swift in Sources */ = {isa = PBXBuildFile; fileRef = A9F59A6827061EBF0058F590 /* BadgeSymbol.swift */; };
		A9F59A6B2706218C0058F590 /* RotatedBadgeSymbol.swift in Sources */ = {isa = PBXBuildFile; fileRef = A9F59A6A2706218C0058F590 /* RotatedBadgeSymbol.swift */; };
		A9F7D67F26FE678200062817 /* LandmarksApp.swift in Sources */ = {isa = PBXBuildFile; fileRef = A9F7D67E26FE678200062817 /* LandmarksApp.swift */; };
		A9F7D68126FE678200062817 /* ContentView.swift in Sources */ = {isa = PBXBuildFile; fileRef = A9F7D68026FE678200062817 /* ContentView.swift */; };
		A9F7D68326FE678600062817 /* Assets.xcassets in Resources */ = {isa = PBXBuildFile; fileRef = A9F7D68226FE678600062817 /* Assets.xcassets */; };
		A9F7D68626FE678600062817 /* Preview Assets.xcassets in Resources */ = {isa = PBXBuildFile; fileRef = A9F7D68526FE678600062817 /* Preview Assets.xcassets */; };
		A9F7D68E26FE728000062817 /* CircleImage.swift in Sources */ = {isa = PBXBuildFile; fileRef = A9F7D68D26FE728000062817 /* CircleImage.swift */; };
		A9F7D69026FE76F100062817 /* MapView.swift in Sources */ = {isa = PBXBuildFile; fileRef = A9F7D68F26FE76F100062817 /* MapView.swift */; };
		A9F7D6AD26FE91E400062817 /* landmarkData.json in Resources */ = {isa = PBXBuildFile; fileRef = A9F7D6A026FE91E400062817 /* landmarkData.json */; };
		A9F7D6AF26FE92EE00062817 /* Landmark.swift in Sources */ = {isa = PBXBuildFile; fileRef = A9F7D6AE26FE92EE00062817 /* Landmark.swift */; };
		A9F7D6B12701F4DB00062817 /* ModelData.swift in Sources */ = {isa = PBXBuildFile; fileRef = A9F7D6B02701F4DB00062817 /* ModelData.swift */; };
/* End PBXBuildFile section */

/* Begin PBXFileReference section */
		A90586B32704972B00269DF4 /* FavoriteButton.swift */ = {isa = PBXFileReference; lastKnownFileType = sourcecode.swift; path = FavoriteButton.swift; sourceTree = "<group>"; };
		A95A0EB6270342F50046270C /* LandmarkRow.swift */ = {isa = PBXFileReference; lastKnownFileType = sourcecode.swift; path = LandmarkRow.swift; sourceTree = "<group>"; };
		A95A0EB827034D790046270C /* LandmarkList.swift */ = {isa = PBXFileReference; lastKnownFileType = sourcecode.swift; path = LandmarkList.swift; sourceTree = "<group>"; };
		A95A0EBA2703794E0046270C /* LandmarkDetail.swift */ = {isa = PBXFileReference; lastKnownFileType = sourcecode.swift; path = LandmarkDetail.swift; sourceTree = "<group>"; };
		A98CDAF12706616C00376E3A /* Badge.swift */ = {isa = PBXFileReference; lastKnownFileType = sourcecode.swift; path = Badge.swift; sourceTree = "<group>"; };
		A98CDAF427066A3A00376E3A /* hikeData.json */ = {isa = PBXFileReference; fileEncoding = 4; lastKnownFileType = text.json; path = hikeData.json; sourceTree = "<group>"; };
		A98CDAF6270671D400376E3A /* Hike.swift */ = {isa = PBXFileReference; lastKnownFileType = sourcecode.swift; name = Hike.swift; path = Landmarks/Model/Hike.swift; sourceTree = SOURCE_ROOT; };
		A98CDAF92706867400376E3A /* GraphCapsule.swift */ = {isa = PBXFileReference; fileEncoding = 4; lastKnownFileType = sourcecode.swift; path = GraphCapsule.swift; sourceTree = "<group>"; };
		A98CDAFA2706867400376E3A /* HikeGraph.swift */ = {isa = PBXFileReference; fileEncoding = 4; lastKnownFileType = sourcecode.swift; path = HikeGraph.swift; sourceTree = "<group>"; };
		A98CDAFB2706867400376E3A /* HikeDetail.swift */ = {isa = PBXFileReference; fileEncoding = 4; lastKnownFileType = sourcecode.swift; path = HikeDetail.swift; sourceTree = "<group>"; };
		A98CDAFC2706867400376E3A /* HikeView.swift */ = {isa = PBXFileReference; fileEncoding = 4; lastKnownFileType = sourcecode.swift; path = HikeView.swift; sourceTree = "<group>"; };
		A98CDB022706930700376E3A /* CategoryHome.swift */ = {isa = PBXFileReference; lastKnownFileType = sourcecode.swift; path = CategoryHome.swift; sourceTree = "<group>"; };
		A98CDB042706963A00376E3A /* CategoryRow.swift */ = {isa = PBXFileReference; lastKnownFileType = sourcecode.swift; path = CategoryRow.swift; sourceTree = "<group>"; };
		A98CDB062706984200376E3A /* CategoryItem.swift */ = {isa = PBXFileReference; lastKnownFileType = sourcecode.swift; path = CategoryItem.swift; sourceTree = "<group>"; };
		A9F59A642705E76D0058F590 /* HexagonParameters.swift */ = {isa = PBXFileReference; lastKnownFileType = sourcecode.swift; path = HexagonParameters.swift; sourceTree = "<group>"; };
		A9F59A662705EA0A0058F590 /* BadgeBackground.swift */ = {isa = PBXFileReference; lastKnownFileType = sourcecode.swift; path = BadgeBackground.swift; sourceTree = "<group>"; };
		A9F59A6827061EBF0058F590 /* BadgeSymbol.swift */ = {isa = PBXFileReference; lastKnownFileType = sourcecode.swift; path = BadgeSymbol.swift; sourceTree = "<group>"; };
		A9F59A6A2706218C0058F590 /* RotatedBadgeSymbol.swift */ = {isa = PBXFileReference; lastKnownFileType = sourcecode.swift; path = RotatedBadgeSymbol.swift; sourceTree = "<group>"; };
		A9F7D67B26FE678200062817 /* Landmarks.app */ = {isa = PBXFileReference; explicitFileType = wrapper.application; includeInIndex = 0; path = Landmarks.app; sourceTree = BUILT_PRODUCTS_DIR; };
		A9F7D67E26FE678200062817 /* LandmarksApp.swift */ = {isa = PBXFileReference; lastKnownFileType = sourcecode.swift; path = LandmarksApp.swift; sourceTree = "<group>"; };
		A9F7D68026FE678200062817 /* ContentView.swift */ = {isa = PBXFileReference; lastKnownFileType = sourcecode.swift; path = ContentView.swift; sourceTree = "<group>"; };
		A9F7D68226FE678600062817 /* Assets.xcassets */ = {isa = PBXFileReference; lastKnownFileType = folder.assetcatalog; path = Assets.xcassets; sourceTree = "<group>"; };
		A9F7D68526FE678600062817 /* Preview Assets.xcassets */ = {isa = PBXFileReference; lastKnownFileType = folder.assetcatalog; path = "Preview Assets.xcassets"; sourceTree = "<group>"; };
		A9F7D68726FE678600062817 /* Info.plist */ = {isa = PBXFileReference; lastKnownFileType = text.plist.xml; path = Info.plist; sourceTree = "<group>"; };
		A9F7D68D26FE728000062817 /* CircleImage.swift */ = {isa = PBXFileReference; lastKnownFileType = sourcecode.swift; path = CircleImage.swift; sourceTree = "<group>"; };
		A9F7D68F26FE76F100062817 /* MapView.swift */ = {isa = PBXFileReference; lastKnownFileType = sourcecode.swift; path = MapView.swift; sourceTree = "<group>"; };
		A9F7D6A026FE91E400062817 /* landmarkData.json */ = {isa = PBXFileReference; fileEncoding = 4; lastKnownFileType = text.json; path = landmarkData.json; sourceTree = "<group>"; };
		A9F7D6AE26FE92EE00062817 /* Landmark.swift */ = {isa = PBXFileReference; lastKnownFileType = sourcecode.swift; path = Landmark.swift; sourceTree = "<group>"; };
		A9F7D6B02701F4DB00062817 /* ModelData.swift */ = {isa = PBXFileReference; lastKnownFileType = sourcecode.swift; path = ModelData.swift; sourceTree = "<group>"; };
/* End PBXFileReference section */

/* Begin PBXFrameworksBuildPhase section */
		A9F7D67826FE678200062817 /* Frameworks */ = {
			isa = PBXFrameworksBuildPhase;
			buildActionMask = 2147483647;
			files = (
			);
			runOnlyForDeploymentPostprocessing = 0;
		};
/* End PBXFrameworksBuildPhase section */

/* Begin PBXGroup section */
		A90586B5270498A200269DF4 /* Landmarks */ = {
			isa = PBXGroup;
			children = (
				A95A0EB6270342F50046270C /* LandmarkRow.swift */,
				A95A0EB827034D790046270C /* LandmarkList.swift */,
				A95A0EBA2703794E0046270C /* LandmarkDetail.swift */,
			);
			path = Landmarks;
			sourceTree = "<group>";
		};
		A90586B6270498B600269DF4 /* Helpers */ = {
			isa = PBXGroup;
			children = (
				A9F7D68D26FE728000062817 /* CircleImage.swift */,
				A9F7D68F26FE76F100062817 /* MapView.swift */,
				A90586B32704972B00269DF4 /* FavoriteButton.swift */,
			);
			path = Helpers;
			sourceTree = "<group>";
		};
		A98CDAF32706652200376E3A /* Badges */ = {
			isa = PBXGroup;
			children = (
				A98CDAF12706616C00376E3A /* Badge.swift */,
				A9F59A662705EA0A0058F590 /* BadgeBackground.swift */,
				A9F59A6827061EBF0058F590 /* BadgeSymbol.swift */,
				A9F59A642705E76D0058F590 /* HexagonParameters.swift */,
				A9F59A6A2706218C0058F590 /* RotatedBadgeSymbol.swift */,
			);
			path = Badges;
			sourceTree = "<group>";
		};
		A98CDAF82706867400376E3A /* Hikes */ = {
			isa = PBXGroup;
			children = (
				A98CDAF92706867400376E3A /* GraphCapsule.swift */,
				A98CDAFA2706867400376E3A /* HikeGraph.swift */,
				A98CDAFB2706867400376E3A /* HikeDetail.swift */,
				A98CDAFC2706867400376E3A /* HikeView.swift */,
			);
			path = Hikes;
			sourceTree = "<group>";
		};
		A98CDB01270692EC00376E3A /* Categories */ = {
			isa = PBXGroup;
			children = (
				A98CDB022706930700376E3A /* CategoryHome.swift */,
				A98CDB042706963A00376E3A /* CategoryRow.swift */,
				A98CDB062706984200376E3A /* CategoryItem.swift */,
			);
			path = Categories;
			sourceTree = "<group>";
		};
		A9F7D67226FE678200062817 = {
			isa = PBXGroup;
			children = (
				A9F7D67D26FE678200062817 /* Landmarks */,
				A9F7D67C26FE678200062817 /* Products */,
			);
			sourceTree = "<group>";
		};
		A9F7D67C26FE678200062817 /* Products */ = {
			isa = PBXGroup;
			children = (
				A9F7D67B26FE678200062817 /* Landmarks.app */,
			);
			name = Products;
			sourceTree = "<group>";
		};
		A9F7D67D26FE678200062817 /* Landmarks */ = {
			isa = PBXGroup;
			children = (
				A9F7D67E26FE678200062817 /* LandmarksApp.swift */,
				A9F7D6B22701F60300062817 /* Views */,
				A9F7D68226FE678600062817 /* Assets.xcassets */,
				A9F7D68726FE678600062817 /* Info.plist */,
				A9F7D68426FE678600062817 /* Preview Content */,
				A9F7D69126FE91E400062817 /* Resources */,
				A9F7D6B32701F61100062817 /* Model */,
			);
			path = Landmarks;
			sourceTree = "<group>";
		};
		A9F7D68426FE678600062817 /* Preview Content */ = {
			isa = PBXGroup;
			children = (
				A9F7D68526FE678600062817 /* Preview Assets.xcassets */,
			);
			path = "Preview Content";
			sourceTree = "<group>";
		};
		A9F7D69126FE91E400062817 /* Resources */ = {
			isa = PBXGroup;
			children = (
				A9F7D6A026FE91E400062817 /* landmarkData.json */,
				A98CDAF427066A3A00376E3A /* hikeData.json */,
				A98CDAF6270671D400376E3A /* Hike.swift */,
			);
			path = Resources;
			sourceTree = "<group>";
		};
		A9F7D6B22701F60300062817 /* Views */ = {
			isa = PBXGroup;
			children = (
				A9F7D68026FE678200062817 /* ContentView.swift */,
				A98CDB01270692EC00376E3A /* Categories */,
				A98CDAF32706652200376E3A /* Badges */,
				A98CDAF82706867400376E3A /* Hikes */,
				A90586B6270498B600269DF4 /* Helpers */,
				A90586B5270498A200269DF4 /* Landmarks */,
			);
			path = Views;
			sourceTree = "<group>";
		};
		A9F7D6B32701F61100062817 /* Model */ = {
			isa = PBXGroup;
			children = (
				A9F7D6AE26FE92EE00062817 /* Landmark.swift */,
				A9F7D6B02701F4DB00062817 /* ModelData.swift */,
			);
			path = Model;
			sourceTree = "<group>";
		};
/* End PBXGroup section */

/* Begin PBXNativeTarget section */
		A9F7D67A26FE678200062817 /* Landmarks */ = {
			isa = PBXNativeTarget;
			buildConfigurationList = A9F7D68A26FE678600062817 /* Build configuration list for PBXNativeTarget "Landmarks" */;
			buildPhases = (
				A9F7D67726FE678200062817 /* Sources */,
				A9F7D67826FE678200062817 /* Frameworks */,
				A9F7D67926FE678200062817 /* Resources */,
			);
			buildRules = (
			);
			dependencies = (
			);
			name = Landmarks;
			productName = Landmarks;
			productReference = A9F7D67B26FE678200062817 /* Landmarks.app */;
			productType = "com.apple.product-type.application";
		};
/* End PBXNativeTarget section */

/* Begin PBXProject section */
		A9F7D67326FE678200062817 /* Project object */ = {
			isa = PBXProject;
			attributes = {
				LastSwiftUpdateCheck = 1250;
				LastUpgradeCheck = 1250;
				TargetAttributes = {
					A9F7D67A26FE678200062817 = {
						CreatedOnToolsVersion = 12.5;
					};
				};
			};
			buildConfigurationList = A9F7D67626FE678200062817 /* Build configuration list for PBXProject "Landmarks" */;
			compatibilityVersion = "Xcode 9.3";
			developmentRegion = en;
			hasScannedForEncodings = 0;
			knownRegions = (
				en,
				Base,
			);
			mainGroup = A9F7D67226FE678200062817;
			productRefGroup = A9F7D67C26FE678200062817 /* Products */;
			projectDirPath = "";
			projectRoot = "";
			targets = (
				A9F7D67A26FE678200062817 /* Landmarks */,
			);
		};
/* End PBXProject section */

/* Begin PBXResourcesBuildPhase section */
		A9F7D67926FE678200062817 /* Resources */ = {
			isa = PBXResourcesBuildPhase;
			buildActionMask = 2147483647;
			files = (
				A98CDAF527066A3A00376E3A /* hikeData.json in Resources */,
				A9F7D68626FE678600062817 /* Preview Assets.xcassets in Resources */,
				A9F7D6AD26FE91E400062817 /* landmarkData.json in Resources */,
				A9F7D68326FE678600062817 /* Assets.xcassets in Resources */,
			);
			runOnlyForDeploymentPostprocessing = 0;
		};
/* End PBXResourcesBuildPhase section */

/* Begin PBXSourcesBuildPhase section */
		A9F7D67726FE678200062817 /* Sources */ = {
			isa = PBXSourcesBuildPhase;
			buildActionMask = 2147483647;
			files = (
				A98CDB052706963A00376E3A /* CategoryRow.swift in Sources */,
				A9F7D68126FE678200062817 /* ContentView.swift in Sources */,
				A98CDB032706930700376E3A /* CategoryHome.swift in Sources */,
				A98CDAFE2706867400376E3A /* HikeGraph.swift in Sources */,
				A98CDAF22706616C00376E3A /* Badge.swift in Sources */,
				A9F7D69026FE76F100062817 /* MapView.swift in Sources */,
				A98CDAFD2706867400376E3A /* GraphCapsule.swift in Sources */,
				A9F7D67F26FE678200062817 /* LandmarksApp.swift in Sources */,
				A90586B42704972C00269DF4 /* FavoriteButton.swift in Sources */,
				A98CDB072706984200376E3A /* CategoryItem.swift in Sources */,
				A98CDAFF2706867400376E3A /* HikeDetail.swift in Sources */,
				A9F59A652705E76D0058F590 /* HexagonParameters.swift in Sources */,
				A98CDAF7270671D400376E3A /* Hike.swift in Sources */,
				A9F59A6B2706218C0058F590 /* RotatedBadgeSymbol.swift in Sources */,
				A9F59A6927061EBF0058F590 /* BadgeSymbol.swift in Sources */,
				A95A0EB927034D790046270C /* LandmarkList.swift in Sources */,
				A98CDB002706867400376E3A /* HikeView.swift in Sources */,
				A95A0EBB2703794E0046270C /* LandmarkDetail.swift in Sources */,
				A9F59A672705EA0A0058F590 /* BadgeBackground.swift in Sources */,
				A9F7D68E26FE728000062817 /* CircleImage.swift in Sources */,
				A9F7D6AF26FE92EE00062817 /* Landmark.swift in Sources */,
				A95A0EB7270342F50046270C /* LandmarkRow.swift in Sources */,
				A9F7D6B12701F4DB00062817 /* ModelData.swift in Sources */,
			);
			runOnlyForDeploymentPostprocessing = 0;
		};
/* End PBXSourcesBuildPhase section */

/* Begin XCBuildConfiguration section */
		A9F7D68826FE678600062817 /* Debug */ = {
			isa = XCBuildConfiguration;
			buildSettings = {
				ALWAYS_SEARCH_USER_PATHS = NO;
				CLANG_ANALYZER_NONNULL = YES;
				CLANG_ANALYZER_NUMBER_OBJECT_CONVERSION = YES_AGGRESSIVE;
				CLANG_CXX_LANGUAGE_STANDARD = "gnu++14";
				CLANG_CXX_LIBRARY = "libc++";
				CLANG_ENABLE_MODULES = YES;
				CLANG_ENABLE_OBJC_ARC = YES;
				CLANG_ENABLE_OBJC_WEAK = YES;
				CLANG_WARN_BLOCK_CAPTURE_AUTORELEASING = YES;
				CLANG_WARN_BOOL_CONVERSION = YES;
				CLANG_WARN_COMMA = YES;
				CLANG_WARN_CONSTANT_CONVERSION = YES;
				CLANG_WARN_DEPRECATED_OBJC_IMPLEMENTATIONS = YES;
				CLANG_WARN_DIRECT_OBJC_ISA_USAGE = YES_ERROR;
				CLANG_WARN_DOCUMENTATION_COMMENTS = YES;
				CLANG_WARN_EMPTY_BODY = YES;
				CLANG_WARN_ENUM_CONVERSION = YES;
				CLANG_WARN_INFINITE_RECURSION = YES;
				CLANG_WARN_INT_CONVERSION = YES;
				CLANG_WARN_NON_LITERAL_NULL_CONVERSION = YES;
				CLANG_WARN_OBJC_IMPLICIT_RETAIN_SELF = YES;
				CLANG_WARN_OBJC_LITERAL_CONVERSION = YES;
				CLANG_WARN_OBJC_ROOT_CLASS = YES_ERROR;
				CLANG_WARN_QUOTED_INCLUDE_IN_FRAMEWORK_HEADER = YES;
				CLANG_WARN_RANGE_LOOP_ANALYSIS = YES;
				CLANG_WARN_STRICT_PROTOTYPES = YES;
				CLANG_WARN_SUSPICIOUS_MOVE = YES;
				CLANG_WARN_UNGUARDED_AVAILABILITY = YES_AGGRESSIVE;
				CLANG_WARN_UNREACHABLE_CODE = YES;
				CLANG_WARN__DUPLICATE_METHOD_MATCH = YES;
				COPY_PHASE_STRIP = NO;
				DEBUG_INFORMATION_FORMAT = dwarf;
				ENABLE_STRICT_OBJC_MSGSEND = YES;
				ENABLE_TESTABILITY = YES;
				GCC_C_LANGUAGE_STANDARD = gnu11;
				GCC_DYNAMIC_NO_PIC = NO;
				GCC_NO_COMMON_BLOCKS = YES;
				GCC_OPTIMIZATION_LEVEL = 0;
				GCC_PREPROCESSOR_DEFINITIONS = (
					"DEBUG=1",
					"$(inherited)",
				);
				GCC_WARN_64_TO_32_BIT_CONVERSION = YES;
				GCC_WARN_ABOUT_RETURN_TYPE = YES_ERROR;
				GCC_WARN_UNDECLARED_SELECTOR = YES;
				GCC_WARN_UNINITIALIZED_AUTOS = YES_AGGRESSIVE;
				GCC_WARN_UNUSED_FUNCTION = YES;
				GCC_WARN_UNUSED_VARIABLE = YES;
				IPHONEOS_DEPLOYMENT_TARGET = 14.5;
				MTL_ENABLE_DEBUG_INFO = INCLUDE_SOURCE;
				MTL_FAST_MATH = YES;
				ONLY_ACTIVE_ARCH = YES;
				SDKROOT = iphoneos;
				SWIFT_ACTIVE_COMPILATION_CONDITIONS = DEBUG;
				SWIFT_OPTIMIZATION_LEVEL = "-Onone";
			};
			name = Debug;
		};
		A9F7D68926FE678600062817 /* Release */ = {
			isa = XCBuildConfiguration;
			buildSettings = {
				ALWAYS_SEARCH_USER_PATHS = NO;
				CLANG_ANALYZER_NONNULL = YES;
				CLANG_ANALYZER_NUMBER_OBJECT_CONVERSION = YES_AGGRESSIVE;
				CLANG_CXX_LANGUAGE_STANDARD = "gnu++14";
				CLANG_CXX_LIBRARY = "libc++";
				CLANG_ENABLE_MODULES = YES;
				CLANG_ENABLE_OBJC_ARC = YES;
				CLANG_ENABLE_OBJC_WEAK = YES;
				CLANG_WARN_BLOCK_CAPTURE_AUTORELEASING = YES;
				CLANG_WARN_BOOL_CONVERSION = YES;
				CLANG_WARN_COMMA = YES;
				CLANG_WARN_CONSTANT_CONVERSION = YES;
				CLANG_WARN_DEPRECATED_OBJC_IMPLEMENTATIONS = YES;
				CLANG_WARN_DIRECT_OBJC_ISA_USAGE = YES_ERROR;
				CLANG_WARN_DOCUMENTATION_COMMENTS = YES;
				CLANG_WARN_EMPTY_BODY = YES;
				CLANG_WARN_ENUM_CONVERSION = YES;
				CLANG_WARN_INFINITE_RECURSION = YES;
				CLANG_WARN_INT_CONVERSION = YES;
				CLANG_WARN_NON_LITERAL_NULL_CONVERSION = YES;
				CLANG_WARN_OBJC_IMPLICIT_RETAIN_SELF = YES;
				CLANG_WARN_OBJC_LITERAL_CONVERSION = YES;
				CLANG_WARN_OBJC_ROOT_CLASS = YES_ERROR;
				CLANG_WARN_QUOTED_INCLUDE_IN_FRAMEWORK_HEADER = YES;
				CLANG_WARN_RANGE_LOOP_ANALYSIS = YES;
				CLANG_WARN_STRICT_PROTOTYPES = YES;
				CLANG_WARN_SUSPICIOUS_MOVE = YES;
				CLANG_WARN_UNGUARDED_AVAILABILITY = YES_AGGRESSIVE;
				CLANG_WARN_UNREACHABLE_CODE = YES;
				CLANG_WARN__DUPLICATE_METHOD_MATCH = YES;
				COPY_PHASE_STRIP = NO;
				DEBUG_INFORMATION_FORMAT = "dwarf-with-dsym";
				ENABLE_NS_ASSERTIONS = NO;
				ENABLE_STRICT_OBJC_MSGSEND = YES;
				GCC_C_LANGUAGE_STANDARD = gnu11;
				GCC_NO_COMMON_BLOCKS = YES;
				GCC_WARN_64_TO_32_BIT_CONVERSION = YES;
				GCC_WARN_ABOUT_RETURN_TYPE = YES_ERROR;
				GCC_WARN_UNDECLARED_SELECTOR = YES;
				GCC_WARN_UNINITIALIZED_AUTOS = YES_AGGRESSIVE;
				GCC_WARN_UNUSED_FUNCTION = YES;
				GCC_WARN_UNUSED_VARIABLE = YES;
				IPHONEOS_DEPLOYMENT_TARGET = 14.5;
				MTL_ENABLE_DEBUG_INFO = NO;
				MTL_FAST_MATH = YES;
				SDKROOT = iphoneos;
				SWIFT_COMPILATION_MODE = wholemodule;
				SWIFT_OPTIMIZATION_LEVEL = "-O";
				VALIDATE_PRODUCT = YES;
			};
			name = Release;
		};
		A9F7D68B26FE678600062817 /* Debug */ = {
			isa = XCBuildConfiguration;
			buildSettings = {
				ASSETCATALOG_COMPILER_APPICON_NAME = AppIcon;
				ASSETCATALOG_COMPILER_GLOBAL_ACCENT_COLOR_NAME = AccentColor;
				CODE_SIGN_STYLE = Automatic;
				DEVELOPMENT_ASSET_PATHS = "\"Landmarks/Preview Content\"";
				DEVELOPMENT_TEAM = 824FT32848;
				ENABLE_PREVIEWS = YES;
				INFOPLIST_FILE = Landmarks/Info.plist;
				IPHONEOS_DEPLOYMENT_TARGET = 14.0;
				LD_RUNPATH_SEARCH_PATHS = (
					"$(inherited)",
					"@executable_path/Frameworks",
				);
				PRODUCT_BUNDLE_IDENTIFIER = com.wils.Landmarks;
				PRODUCT_NAME = "$(TARGET_NAME)";
				SWIFT_VERSION = 5.0;
				TARGETED_DEVICE_FAMILY = "1,2";
			};
			name = Debug;
		};
		A9F7D68C26FE678600062817 /* Release */ = {
			isa = XCBuildConfiguration;
			buildSettings = {
				ASSETCATALOG_COMPILER_APPICON_NAME = AppIcon;
				ASSETCATALOG_COMPILER_GLOBAL_ACCENT_COLOR_NAME = AccentColor;
				CODE_SIGN_STYLE = Automatic;
				DEVELOPMENT_ASSET_PATHS = "\"Landmarks/Preview Content\"";
				DEVELOPMENT_TEAM = 824FT32848;
				ENABLE_PREVIEWS = YES;
				INFOPLIST_FILE = Landmarks/Info.plist;
				IPHONEOS_DEPLOYMENT_TARGET = 14.0;
				LD_RUNPATH_SEARCH_PATHS = (
					"$(inherited)",
					"@executable_path/Frameworks",
				);
				PRODUCT_BUNDLE_IDENTIFIER = com.wils.Landmarks;
				PRODUCT_NAME = "$(TARGET_NAME)";
				SWIFT_VERSION = 5.0;
				TARGETED_DEVICE_FAMILY = "1,2";
			};
			name = Release;
		};
/* End XCBuildConfiguration section */

/* Begin XCConfigurationList section */
		A9F7D67626FE678200062817 /* Build configuration list for PBXProject "Landmarks" */ = {
			isa = XCConfigurationList;
			buildConfigurations = (
				A9F7D68826FE678600062817 /* Debug */,
				A9F7D68926FE678600062817 /* Release */,
			);
			defaultConfigurationIsVisible = 0;
			defaultConfigurationName = Release;
		};
		A9F7D68A26FE678600062817 /* Build configuration list for PBXNativeTarget "Landmarks" */ = {
			isa = XCConfigurationList;
			buildConfigurations = (
				A9F7D68B26FE678600062817 /* Debug */,
				A9F7D68C26FE678600062817 /* Release */,
			);
			defaultConfigurationIsVisible = 0;
			defaultConfigurationName = Release;
		};
/* End XCConfigurationList section */
	};
	rootObject = A9F7D67326FE678200062817 /* Project object */;
}
