// !$*UTF8*$!
{
	archiveVersion = 1;
	classes = {
	};
	objectVersion = 50;
	objects = {

/* Begin PBXBuildFile section */
		A90586B42704972C00269DF4 /* FavoriteButton.swift in Sources */ = {isa = PBXBuildFile; fileRef = A90586B32704972B00269DF4 /* FavoriteButton.swift */; };
		A94E7274270B2B0C00AB061A /* PageViewController.swift in Sources */ = {isa = PBXBuildFile; fileRef = A94E7273270B2B0C00AB061A /* PageViewController.swift */; };
		A94E7276270B329100AB061A /* FeatureCard.swift in Sources */ = {isa = PBXBuildFile; fileRef = A94E7275270B329100AB061A /* FeatureCard.swift */; };
		A94E7278270B339600AB061A /* PageView.swift in Sources */ = {isa = PBXBuildFile; fileRef = A94E7277270B339600AB061A /* PageView.swift */; };
		A950288427076C0A003772E7 /* Profile.swift in Sources */ = {isa = PBXBuildFile; fileRef = A950288327076C0A003772E7 /* Profile.swift */; };
		A950288727076CAC003772E7 /* ProfileHost.swift in Sources */ = {isa = PBXBuildFile; fileRef = A950288627076CAC003772E7 /* ProfileHost.swift */; };
		A950288927076D4D003772E7 /* ProfileSummary.swift in Sources */ = {isa = PBXBuildFile; fileRef = A950288827076D4D003772E7 /* ProfileSummary.swift */; };
		A950288B27076FB6003772E7 /* HikeBadge.swift in Sources */ = {isa = PBXBuildFile; fileRef = A950288A27076FB6003772E7 /* HikeBadge.swift */; };
		A950288D2707BB19003772E7 /* ProfileEditor.swift in Sources */ = {isa = PBXBuildFile; fileRef = A950288C2707BB19003772E7 /* ProfileEditor.swift */; };
		A95A0EB7270342F50046270C /* LandmarkRow.swift in Sources */ = {isa = PBXBuildFile; fileRef = A95A0EB6270342F50046270C /* LandmarkRow.swift */; };
		A95A0EB927034D790046270C /* LandmarkList.swift in Sources */ = {isa = PBXBuildFile; fileRef = A95A0EB827034D790046270C /* LandmarkList.swift */; };
		A95A0EBB2703794E0046270C /* LandmarkDetail.swift in Sources */ = {isa = PBXBuildFile; fileRef = A95A0EBA2703794E0046270C /* LandmarkDetail.swift */; };
		A98CDAF22706616C00376E3A /* Badge.swift in Sources */ = {isa = PBXBuildFile; fileRef = A98CDAF12706616C00376E3A /* Badge.swift */; };
		A98CDAF527066A3A00376E3A /* hikeData.json in Resources */ = {isa = PBXBuildFile; fileRef = A98CDAF427066A3A00376E3A /* hikeData.json */; };
		A98CDAF7270671D400376E3A /* Hike.swift in Sources */ = {isa = PBXBuildFile; fileRef = A98CDAF6270671D400376E3A /* Hike.swift */; };
		A98CDAFD2706867400376E3A /* GraphCapsule.swift in Sources */ = {isa = PBXBuildFile; fileRef = A98CDAF92706867400376E3A /* GraphCapsule.swift */; };
		A98CDAFE2706867400376E3A /* HikeGraph.swift in Sources */ = {isa = PBXBuildFile; fileRef = A98CDAFA2706867400376E3A /* HikeGraph.swift */; };
		A98CDAFF2706867400376E3A /* HikeDetail.swift in Sources */ = {isa = PBXBuildFile; fileRef = A98CDAFB2706867400376E3A /* HikeDetail.swift */; };
		A98CDB002706867400376E3A /* HikeView.swift in Sources */ = {isa = PBXBuildFile; fileRef = A98CDAFC2706867400376E3A /* HikeView.swift */; };
		A98CDB032706930700376E3A /* CategoryHome.swift in Sources */ = {isa = PBXBuildFile; fileRef = A98CDB022706930700376E3A /* CategoryHome.swift */; };
		A98CDB052706963A00376E3A /* CategoryRow.swift in Sources */ = {isa = PBXBuildFile; fileRef = A98CDB042706963A00376E3A /* CategoryRow.swift */; };
		A98CDB072706984200376E3A /* CategoryItem.swift in Sources */ = {isa = PBXBuildFile; fileRef = A98CDB062706984200376E3A /* CategoryItem.swift */; };
		A9ED6B26270E8045009BD4CE /* PageControl.swift in Sources */ = {isa = PBXBuildFile; fileRef = A9ED6B25270E8045009BD4CE /* PageControl.swift */; };
		A9ED6B2C270E83FA009BD4CE /* Assets.xcassets in Resources */ = {isa = PBXBuildFile; fileRef = A9ED6B2B270E83FA009BD4CE /* Assets.xcassets */; };
		A9ED6B32270E83FA009BD4CE /* WatchLandmarks WatchKit Extension.appex in Embed App Extensions */ = {isa = PBXBuildFile; fileRef = A9ED6B31270E83FA009BD4CE /* WatchLandmarks WatchKit Extension.appex */; settings = {ATTRIBUTES = (RemoveHeadersOnCopy, ); }; };
		A9ED6B37270E83FA009BD4CE /* LandmarksApp.swift in Sources */ = {isa = PBXBuildFile; fileRef = A9ED6B36270E83FA009BD4CE /* LandmarksApp.swift */; };
		A9ED6B39270E83FA009BD4CE /* ContentView.swift in Sources */ = {isa = PBXBuildFile; fileRef = A9ED6B38270E83FA009BD4CE /* ContentView.swift */; };
		A9ED6B3B270E83FA009BD4CE /* NotificationController.swift in Sources */ = {isa = PBXBuildFile; fileRef = A9ED6B3A270E83FA009BD4CE /* NotificationController.swift */; };
		A9ED6B3D270E83FA009BD4CE /* NotificationView.swift in Sources */ = {isa = PBXBuildFile; fileRef = A9ED6B3C270E83FA009BD4CE /* NotificationView.swift */; };
		A9ED6B3F270E83FA009BD4CE /* ComplicationController.swift in Sources */ = {isa = PBXBuildFile; fileRef = A9ED6B3E270E83FA009BD4CE /* ComplicationController.swift */; };
		A9ED6B41270E83FC009BD4CE /* Assets.xcassets in Resources */ = {isa = PBXBuildFile; fileRef = A9ED6B40270E83FC009BD4CE /* Assets.xcassets */; };
		A9ED6B44270E83FC009BD4CE /* Preview Assets.xcassets in Resources */ = {isa = PBXBuildFile; fileRef = A9ED6B43270E83FC009BD4CE /* Preview Assets.xcassets */; };
		A9ED6B49270E83FC009BD4CE /* WatchLandmarks.app in Embed Watch Content */ = {isa = PBXBuildFile; fileRef = A9ED6B29270E83F6009BD4CE /* WatchLandmarks.app */; settings = {ATTRIBUTES = (RemoveHeadersOnCopy, ); }; };
		A9F59A652705E76D0058F590 /* HexagonParameters.swift in Sources */ = {isa = PBXBuildFile; fileRef = A9F59A642705E76D0058F590 /* HexagonParameters.swift */; };
		A9F59A672705EA0A0058F590 /* BadgeBackground.swift in Sources */ = {isa = PBXBuildFile; fileRef = A9F59A662705EA0A0058F590 /* BadgeBackground.swift */; };
		A9F59A6927061EBF0058F590 /* BadgeSymbol.swift in Sources */ = {isa = PBXBuildFile; fileRef = A9F59A6827061EBF0058F590 /* BadgeSymbol.swift */; };
		A9F59A6B2706218C0058F590 /* RotatedBadgeSymbol.swift in Sources */ = {isa = PBXBuildFile; fileRef = A9F59A6A2706218C0058F590 /* RotatedBadgeSymbol.swift */; };
		A9F7D67F26FE678200062817 /* LandmarksApp.swift in Sources */ = {isa = PBXBuildFile; fileRef = A9F7D67E26FE678200062817 /* LandmarksApp.swift */; };
		A9F7D68126FE678200062817 /* ContentView.swift in Sources */ = {isa = PBXBuildFile; fileRef = A9F7D68026FE678200062817 /* ContentView.swift */; };
		A9F7D68326FE678600062817 /* Assets.xcassets in Resources */ = {isa = PBXBuildFile; fileRef = A9F7D68226FE678600062817 /* Assets.xcassets */; };
		A9F7D68626FE678600062817 /* Preview Assets.xcassets in Resources */ = {isa = PBXBuildFile; fileRef = A9F7D68526FE678600062817 /* Preview Assets.xcassets */; };
		A9F7D68E26FE728000062817 /* CircleImage.swift in Sources */ = {isa = PBXBuildFile; fileRef = A9F7D68D26FE728000062817 /* CircleImage.swift */; };
		A9F7D69026FE76F100062817 /* MapView.swift in Sources */ = {isa = PBXBuildFile; fileRef = A9F7D68F26FE76F100062817 /* MapView.swift */; };
		A9F7D6AD26FE91E400062817 /* landmarkData.json in Resources */ = {isa = PBXBuildFile; fileRef = A9F7D6A026FE91E400062817 /* landmarkData.json */; };
		A9F7D6AF26FE92EE00062817 /* Landmark.swift in Sources */ = {isa = PBXBuildFile; fileRef = A9F7D6AE26FE92EE00062817 /* Landmark.swift */; };
		A9F7D6B12701F4DB00062817 /* ModelData.swift in Sources */ = {isa = PBXBuildFile; fileRef = A9F7D6B02701F4DB00062817 /* ModelData.swift */; };
/* End PBXBuildFile section */

/* Begin PBXContainerItemProxy section */
		A9ED6B33270E83FA009BD4CE /* PBXContainerItemProxy */ = {
			isa = PBXContainerItemProxy;
			containerPortal = A9F7D67326FE678200062817 /* Project object */;
			proxyType = 1;
			remoteGlobalIDString = A9ED6B30270E83FA009BD4CE;
			remoteInfo = "WatchLandmarks WatchKit Extension";
		};
		A9ED6B47270E83FC009BD4CE /* PBXContainerItemProxy */ = {
			isa = PBXContainerItemProxy;
			containerPortal = A9F7D67326FE678200062817 /* Project object */;
			proxyType = 1;
			remoteGlobalIDString = A9ED6B28270E83F6009BD4CE;
			remoteInfo = WatchLandmarks;
		};
/* End PBXContainerItemProxy section */

/* Begin PBXCopyFilesBuildPhase section */
		A9ED6B4D270E83FC009BD4CE /* Embed App Extensions */ = {
			isa = PBXCopyFilesBuildPhase;
			buildActionMask = 2147483647;
			dstPath = "";
			dstSubfolderSpec = 13;
			files = (
				A9ED6B32270E83FA009BD4CE /* WatchLandmarks WatchKit Extension.appex in Embed App Extensions */,
			);
			name = "Embed App Extensions";
			runOnlyForDeploymentPostprocessing = 0;
		};
		A9ED6B51270E83FC009BD4CE /* Embed Watch Content */ = {
			isa = PBXCopyFilesBuildPhase;
			buildActionMask = 2147483647;
			dstPath = "$(CONTENTS_FOLDER_PATH)/Watch";
			dstSubfolderSpec = 16;
			files = (
				A9ED6B49270E83FC009BD4CE /* WatchLandmarks.app in Embed Watch Content */,
			);
			name = "Embed Watch Content";
			runOnlyForDeploymentPostprocessing = 0;
		};
/* End PBXCopyFilesBuildPhase section */

/* Begin PBXFileReference section */
		A90586B32704972B00269DF4 /* FavoriteButton.swift */ = {isa = PBXFileReference; lastKnownFileType = sourcecode.swift; path = FavoriteButton.swift; sourceTree = "<group>"; };
		A94E7273270B2B0C00AB061A /* PageViewController.swift */ = {isa = PBXFileReference; lastKnownFileType = sourcecode.swift; path = PageViewController.swift; sourceTree = "<group>"; };
		A94E7275270B329100AB061A /* FeatureCard.swift */ = {isa = PBXFileReference; lastKnownFileType = sourcecode.swift; path = FeatureCard.swift; sourceTree = "<group>"; };
		A94E7277270B339600AB061A /* PageView.swift */ = {isa = PBXFileReference; lastKnownFileType = sourcecode.swift; path = PageView.swift; sourceTree = "<group>"; };
		A950288327076C0A003772E7 /* Profile.swift */ = {isa = PBXFileReference; lastKnownFileType = sourcecode.swift; path = Profile.swift; sourceTree = "<group>"; };
		A950288627076CAC003772E7 /* ProfileHost.swift */ = {isa = PBXFileReference; lastKnownFileType = sourcecode.swift; path = ProfileHost.swift; sourceTree = "<group>"; };
		A950288827076D4D003772E7 /* ProfileSummary.swift */ = {isa = PBXFileReference; lastKnownFileType = sourcecode.swift; path = ProfileSummary.swift; sourceTree = "<group>"; };
		A950288A27076FB6003772E7 /* HikeBadge.swift */ = {isa = PBXFileReference; lastKnownFileType = sourcecode.swift; path = HikeBadge.swift; sourceTree = "<group>"; };
		A950288C2707BB19003772E7 /* ProfileEditor.swift */ = {isa = PBXFileReference; lastKnownFileType = sourcecode.swift; path = ProfileEditor.swift; sourceTree = "<group>"; };
		A95A0EB6270342F50046270C /* LandmarkRow.swift */ = {isa = PBXFileReference; lastKnownFileType = sourcecode.swift; path = LandmarkRow.swift; sourceTree = "<group>"; };
		A95A0EB827034D790046270C /* LandmarkList.swift */ = {isa = PBXFileReference; lastKnownFileType = sourcecode.swift; path = LandmarkList.swift; sourceTree = "<group>"; };
		A95A0EBA2703794E0046270C /* LandmarkDetail.swift */ = {isa = PBXFileReference; lastKnownFileType = sourcecode.swift; path = LandmarkDetail.swift; sourceTree = "<group>"; };
		A98CDAF12706616C00376E3A /* Badge.swift */ = {isa = PBXFileReference; lastKnownFileType = sourcecode.swift; path = Badge.swift; sourceTree = "<group>"; };
		A98CDAF427066A3A00376E3A /* hikeData.json */ = {isa = PBXFileReference; fileEncoding = 4; lastKnownFileType = text.json; path = hikeData.json; sourceTree = "<group>"; };
		A98CDAF6270671D400376E3A /* Hike.swift */ = {isa = PBXFileReference; lastKnownFileType = sourcecode.swift; name = Hike.swift; path = Landmarks/Model/Hike.swift; sourceTree = SOURCE_ROOT; };
		A98CDAF92706867400376E3A /* GraphCapsule.swift */ = {isa = PBXFileReference; fileEncoding = 4; lastKnownFileType = sourcecode.swift; path = GraphCapsule.swift; sourceTree = "<group>"; };
		A98CDAFA2706867400376E3A /* HikeGraph.swift */ = {isa = PBXFileReference; fileEncoding = 4; lastKnownFileType = sourcecode.swift; path = HikeGraph.swift; sourceTree = "<group>"; };
		A98CDAFB2706867400376E3A /* HikeDetail.swift */ = {isa = PBXFileReference; fileEncoding = 4; lastKnownFileType = sourcecode.swift; path = HikeDetail.swift; sourceTree = "<group>"; };
		A98CDAFC2706867400376E3A /* HikeView.swift */ = {isa = PBXFileReference; fileEncoding = 4; lastKnownFileType = sourcecode.swift; path = HikeView.swift; sourceTree = "<group>"; };
		A98CDB022706930700376E3A /* CategoryHome.swift */ = {isa = PBXFileReference; lastKnownFileType = sourcecode.swift; path = CategoryHome.swift; sourceTree = "<group>"; };
		A98CDB042706963A00376E3A /* CategoryRow.swift */ = {isa = PBXFileReference; lastKnownFileType = sourcecode.swift; path = CategoryRow.swift; sourceTree = "<group>"; };
		A98CDB062706984200376E3A /* CategoryItem.swift */ = {isa = PBXFileReference; lastKnownFileType = sourcecode.swift; path = CategoryItem.swift; sourceTree = "<group>"; };
		A9ED6B25270E8045009BD4CE /* PageControl.swift */ = {isa = PBXFileReference; lastKnownFileType = sourcecode.swift; path = PageControl.swift; sourceTree = "<group>"; };
		A9ED6B29270E83F6009BD4CE /* WatchLandmarks.app */ = {isa = PBXFileReference; explicitFileType = wrapper.application; includeInIndex = 0; path = WatchLandmarks.app; sourceTree = BUILT_PRODUCTS_DIR; };
		A9ED6B2B270E83FA009BD4CE /* Assets.xcassets */ = {isa = PBXFileReference; lastKnownFileType = folder.assetcatalog; path = Assets.xcassets; sourceTree = "<group>"; };
		A9ED6B31270E83FA009BD4CE /* WatchLandmarks WatchKit Extension.appex */ = {isa = PBXFileReference; explicitFileType = "wrapper.app-extension"; includeInIndex = 0; path = "WatchLandmarks WatchKit Extension.appex"; sourceTree = BUILT_PRODUCTS_DIR; };
		A9ED6B36270E83FA009BD4CE /* LandmarksApp.swift */ = {isa = PBXFileReference; lastKnownFileType = sourcecode.swift; path = LandmarksApp.swift; sourceTree = "<group>"; };
		A9ED6B38270E83FA009BD4CE /* ContentView.swift */ = {isa = PBXFileReference; lastKnownFileType = sourcecode.swift; path = ContentView.swift; sourceTree = "<group>"; };
		A9ED6B3A270E83FA009BD4CE /* NotificationController.swift */ = {isa = PBXFileReference; lastKnownFileType = sourcecode.swift; path = NotificationController.swift; sourceTree = "<group>"; };
		A9ED6B3C270E83FA009BD4CE /* NotificationView.swift */ = {isa = PBXFileReference; lastKnownFileType = sourcecode.swift; path = NotificationView.swift; sourceTree = "<group>"; };
		A9ED6B3E270E83FA009BD4CE /* ComplicationController.swift */ = {isa = PBXFileReference; lastKnownFileType = sourcecode.swift; path = ComplicationController.swift; sourceTree = "<group>"; };
		A9ED6B40270E83FC009BD4CE /* Assets.xcassets */ = {isa = PBXFileReference; lastKnownFileType = folder.assetcatalog; path = Assets.xcassets; sourceTree = "<group>"; };
		A9ED6B43270E83FC009BD4CE /* Preview Assets.xcassets */ = {isa = PBXFileReference; lastKnownFileType = folder.assetcatalog; path = "Preview Assets.xcassets"; sourceTree = "<group>"; };
		A9ED6B45270E83FC009BD4CE /* Info.plist */ = {isa = PBXFileReference; lastKnownFileType = text.plist.xml; path = Info.plist; sourceTree = "<group>"; };
		A9ED6B46270E83FC009BD4CE /* PushNotificationPayload.apns */ = {isa = PBXFileReference; lastKnownFileType = text; path = PushNotificationPayload.apns; sourceTree = "<group>"; };
		A9F59A642705E76D0058F590 /* HexagonParameters.swift */ = {isa = PBXFileReference; lastKnownFileType = sourcecode.swift; path = HexagonParameters.swift; sourceTree = "<group>"; };
		A9F59A662705EA0A0058F590 /* BadgeBackground.swift */ = {isa = PBXFileReference; lastKnownFileType = sourcecode.swift; path = BadgeBackground.swift; sourceTree = "<group>"; };
		A9F59A6827061EBF0058F590 /* BadgeSymbol.swift */ = {isa = PBXFileReference; lastKnownFileType = sourcecode.swift; path = BadgeSymbol.swift; sourceTree = "<group>"; };
		A9F59A6A2706218C0058F590 /* RotatedBadgeSymbol.swift */ = {isa = PBXFileReference; lastKnownFileType = sourcecode.swift; path = RotatedBadgeSymbol.swift; sourceTree = "<group>"; };
		A9F7D67B26FE678200062817 /* Landmarks.app */ = {isa = PBXFileReference; explicitFileType = wrapper.application; includeInIndex = 0; path = Landmarks.app; sourceTree = BUILT_PRODUCTS_DIR; };
		A9F7D67E26FE678200062817 /* LandmarksApp.swift */ = {isa = PBXFileReference; lastKnownFileType = sourcecode.swift; path = LandmarksApp.swift; sourceTree = "<group>"; };
		A9F7D68026FE678200062817 /* ContentView.swift */ = {isa = PBXFileReference; lastKnownFileType = sourcecode.swift; path = ContentView.swift; sourceTree = "<group>"; };
		A9F7D68226FE678600062817 /* Assets.xcassets */ = {isa = PBXFileReference; lastKnownFileType = folder.assetcatalog; path = Assets.xcassets; sourceTree = "<group>"; };
		A9F7D68526FE678600062817 /* Preview Assets.xcassets */ = {isa = PBXFileReference; lastKnownFileType = folder.assetcatalog; path = "Preview Assets.xcassets"; sourceTree = "<group>"; };
		A9F7D68726FE678600062817 /* Info.plist */ = {isa = PBXFileReference; lastKnownFileType = text.plist.xml; path = Info.plist; sourceTree = "<group>"; };
		A9F7D68D26FE728000062817 /* CircleImage.swift */ = {isa = PBXFileReference; lastKnownFileType = sourcecode.swift; path = CircleImage.swift; sourceTree = "<group>"; };
		A9F7D68F26FE76F100062817 /* MapView.swift */ = {isa = PBXFileReference; lastKnownFileType = sourcecode.swift; path = MapView.swift; sourceTree = "<group>"; };
		A9F7D6A026FE91E400062817 /* landmarkData.json */ = {isa = PBXFileReference; fileEncoding = 4; lastKnownFileType = text.json; path = landmarkData.json; sourceTree = "<group>"; };
		A9F7D6AE26FE92EE00062817 /* Landmark.swift */ = {isa = PBXFileReference; lastKnownFileType = sourcecode.swift; path = Landmark.swift; sourceTree = "<group>"; };
		A9F7D6B02701F4DB00062817 /* ModelData.swift */ = {isa = PBXFileReference; lastKnownFileType = sourcecode.swift; path = ModelData.swift; sourceTree = "<group>"; };
/* End PBXFileReference section */

/* Begin PBXFrameworksBuildPhase section */
		A9ED6B2E270E83FA009BD4CE /* Frameworks */ = {
			isa = PBXFrameworksBuildPhase;
			buildActionMask = 2147483647;
			files = (
			);
			runOnlyForDeploymentPostprocessing = 0;
		};
		A9F7D67826FE678200062817 /* Frameworks */ = {
			isa = PBXFrameworksBuildPhase;
			buildActionMask = 2147483647;
			files = (
			);
			runOnlyForDeploymentPostprocessing = 0;
		};
/* End PBXFrameworksBuildPhase section */

/* Begin PBXGroup section */
		A90586B5270498A200269DF4 /* Landmarks */ = {
			isa = PBXGroup;
			children = (
				A95A0EB6270342F50046270C /* LandmarkRow.swift */,
				A95A0EB827034D790046270C /* LandmarkList.swift */,
				A95A0EBA2703794E0046270C /* LandmarkDetail.swift */,
			);
			path = Landmarks;
			sourceTree = "<group>";
		};
		A90586B6270498B600269DF4 /* Helpers */ = {
			isa = PBXGroup;
			children = (
				A9F7D68D26FE728000062817 /* CircleImage.swift */,
				A9F7D68F26FE76F100062817 /* MapView.swift */,
				A90586B32704972B00269DF4 /* FavoriteButton.swift */,
			);
			path = Helpers;
			sourceTree = "<group>";
		};
		A94E7272270B2AF400AB061A /* PageView */ = {
			isa = PBXGroup;
			children = (
				A94E7273270B2B0C00AB061A /* PageViewController.swift */,
				A94E7275270B329100AB061A /* FeatureCard.swift */,
				A94E7277270B339600AB061A /* PageView.swift */,
				A9ED6B25270E8045009BD4CE /* PageControl.swift */,
			);
			path = PageView;
			sourceTree = "<group>";
		};
		A950288527076C4F003772E7 /* Profiles */ = {
			isa = PBXGroup;
			children = (
				A950288627076CAC003772E7 /* ProfileHost.swift */,
				A950288C2707BB19003772E7 /* ProfileEditor.swift */,
				A950288827076D4D003772E7 /* ProfileSummary.swift */,
			);
			path = Profiles;
			sourceTree = "<group>";
		};
		A98CDAF32706652200376E3A /* Badges */ = {
			isa = PBXGroup;
			children = (
				A98CDAF12706616C00376E3A /* Badge.swift */,
				A9F59A662705EA0A0058F590 /* BadgeBackground.swift */,
				A9F59A6827061EBF0058F590 /* BadgeSymbol.swift */,
				A9F59A642705E76D0058F590 /* HexagonParameters.swift */,
				A9F59A6A2706218C0058F590 /* RotatedBadgeSymbol.swift */,
			);
			path = Badges;
			sourceTree = "<group>";
		};
		A98CDAF82706867400376E3A /* Hikes */ = {
			isa = PBXGroup;
			children = (
				A98CDAF92706867400376E3A /* GraphCapsule.swift */,
				A98CDAFA2706867400376E3A /* HikeGraph.swift */,
				A98CDAFB2706867400376E3A /* HikeDetail.swift */,
				A98CDAFC2706867400376E3A /* HikeView.swift */,
				A950288A27076FB6003772E7 /* HikeBadge.swift */,
			);
			path = Hikes;
			sourceTree = "<group>";
		};
		A98CDB01270692EC00376E3A /* Categories */ = {
			isa = PBXGroup;
			children = (
				A98CDB022706930700376E3A /* CategoryHome.swift */,
				A98CDB042706963A00376E3A /* CategoryRow.swift */,
				A98CDB062706984200376E3A /* CategoryItem.swift */,
			);
			path = Categories;
			sourceTree = "<group>";
		};
		A9ED6B2A270E83F6009BD4CE /* WatchLandmarks */ = {
			isa = PBXGroup;
			children = (
				A9ED6B2B270E83FA009BD4CE /* Assets.xcassets */,
			);
			path = WatchLandmarks;
			sourceTree = "<group>";
		};
		A9ED6B35270E83FA009BD4CE /* WatchLandmarks WatchKit Extension */ = {
			isa = PBXGroup;
			children = (
				A9ED6B36270E83FA009BD4CE /* LandmarksApp.swift */,
				A9ED6B38270E83FA009BD4CE /* ContentView.swift */,
				A9ED6B3A270E83FA009BD4CE /* NotificationController.swift */,
				A9ED6B3C270E83FA009BD4CE /* NotificationView.swift */,
				A9ED6B3E270E83FA009BD4CE /* ComplicationController.swift */,
				A9ED6B40270E83FC009BD4CE /* Assets.xcassets */,
				A9ED6B45270E83FC009BD4CE /* Info.plist */,
				A9ED6B46270E83FC009BD4CE /* PushNotificationPayload.apns */,
				A9ED6B42270E83FC009BD4CE /* Preview Content */,
			);
			path = "WatchLandmarks WatchKit Extension";
			sourceTree = "<group>";
		};
		A9ED6B42270E83FC009BD4CE /* Preview Content */ = {
			isa = PBXGroup;
			children = (
				A9ED6B43270E83FC009BD4CE /* Preview Assets.xcassets */,
			);
			path = "Preview Content";
			sourceTree = "<group>";
		};
		A9F7D67226FE678200062817 = {
			isa = PBXGroup;
			children = (
				A9F7D67D26FE678200062817 /* Landmarks */,
				A9ED6B2A270E83F6009BD4CE /* WatchLandmarks */,
				A9ED6B35270E83FA009BD4CE /* WatchLandmarks WatchKit Extension */,
				A9F7D67C26FE678200062817 /* Products */,
			);
			sourceTree = "<group>";
		};
		A9F7D67C26FE678200062817 /* Products */ = {
			isa = PBXGroup;
			children = (
				A9F7D67B26FE678200062817 /* Landmarks.app */,
				A9ED6B29270E83F6009BD4CE /* WatchLandmarks.app */,
				A9ED6B31270E83FA009BD4CE /* WatchLandmarks WatchKit Extension.appex */,
			);
			name = Products;
			sourceTree = "<group>";
		};
		A9F7D67D26FE678200062817 /* Landmarks */ = {
			isa = PBXGroup;
			children = (
				A9F7D67E26FE678200062817 /* LandmarksApp.swift */,
				A9F7D6B22701F60300062817 /* Views */,
				A9F7D68226FE678600062817 /* Assets.xcassets */,
				A9F7D68726FE678600062817 /* Info.plist */,
				A9F7D68426FE678600062817 /* Preview Content */,
				A9F7D69126FE91E400062817 /* Resources */,
				A9F7D6B32701F61100062817 /* Model */,
			);
			path = Landmarks;
			sourceTree = "<group>";
		};
		A9F7D68426FE678600062817 /* Preview Content */ = {
			isa = PBXGroup;
			children = (
				A9F7D68526FE678600062817 /* Preview Assets.xcassets */,
			);
			path = "Preview Content";
			sourceTree = "<group>";
		};
		A9F7D69126FE91E400062817 /* Resources */ = {
			isa = PBXGroup;
			children = (
				A9F7D6A026FE91E400062817 /* landmarkData.json */,
				A98CDAF427066A3A00376E3A /* hikeData.json */,
				A98CDAF6270671D400376E3A /* Hike.swift */,
			);
			path = Resources;
			sourceTree = "<group>";
		};
		A9F7D6B22701F60300062817 /* Views */ = {
			isa = PBXGroup;
			children = (
				A9F7D68026FE678200062817 /* ContentView.swift */,
				A94E7272270B2AF400AB061A /* PageView */,
				A98CDB01270692EC00376E3A /* Categories */,
				A98CDAF32706652200376E3A /* Badges */,
				A98CDAF82706867400376E3A /* Hikes */,
				A90586B6270498B600269DF4 /* Helpers */,
				A90586B5270498A200269DF4 /* Landmarks */,
				A950288527076C4F003772E7 /* Profiles */,
			);
			path = Views;
			sourceTree = "<group>";
		};
		A9F7D6B32701F61100062817 /* Model */ = {
			isa = PBXGroup;
			children = (
				A9F7D6AE26FE92EE00062817 /* Landmark.swift */,
				A9F7D6B02701F4DB00062817 /* ModelData.swift */,
				A950288327076C0A003772E7 /* Profile.swift */,
			);
			path = Model;
			sourceTree = "<group>";
		};
/* End PBXGroup section */

/* Begin PBXNativeTarget section */
		A9ED6B28270E83F6009BD4CE /* WatchLandmarks */ = {
			isa = PBXNativeTarget;
			buildConfigurationList = A9ED6B4E270E83FC009BD4CE /* Build configuration list for PBXNativeTarget "WatchLandmarks" */;
			buildPhases = (
				A9ED6B27270E83F6009BD4CE /* Resources */,
				A9ED6B4D270E83FC009BD4CE /* Embed App Extensions */,
			);
			buildRules = (
			);
			dependencies = (
				A9ED6B34270E83FA009BD4CE /* PBXTargetDependency */,
			);
			name = WatchLandmarks;
			productName = WatchLandmarks;
			productReference = A9ED6B29270E83F6009BD4CE /* WatchLandmarks.app */;
			productType = "com.apple.product-type.application.watchapp2";
		};
		A9ED6B30270E83FA009BD4CE /* WatchLandmarks WatchKit Extension */ = {
			isa = PBXNativeTarget;
			buildConfigurationList = A9ED6B4A270E83FC009BD4CE /* Build configuration list for PBXNativeTarget "WatchLandmarks WatchKit Extension" */;
			buildPhases = (
				A9ED6B2D270E83FA009BD4CE /* Sources */,
				A9ED6B2E270E83FA009BD4CE /* Frameworks */,
				A9ED6B2F270E83FA009BD4CE /* Resources */,
			);
			buildRules = (
			);
			dependencies = (
			);
			name = "WatchLandmarks WatchKit Extension";
			productName = "WatchLandmarks WatchKit Extension";
			productReference = A9ED6B31270E83FA009BD4CE /* WatchLandmarks WatchKit Extension.appex */;
			productType = "com.apple.product-type.watchkit2-extension";
		};
		A9F7D67A26FE678200062817 /* Landmarks */ = {
			isa = PBXNativeTarget;
			buildConfigurationList = A9F7D68A26FE678600062817 /* Build configuration list for PBXNativeTarget "Landmarks" */;
			buildPhases = (
				A9F7D67726FE678200062817 /* Sources */,
				A9F7D67826FE678200062817 /* Frameworks */,
				A9F7D67926FE678200062817 /* Resources */,
				A9ED6B51270E83FC009BD4CE /* Embed Watch Content */,
			);
			buildRules = (
			);
			dependencies = (
				A9ED6B48270E83FC009BD4CE /* PBXTargetDependency */,
			);
			name = Landmarks;
			productName = Landmarks;
			productReference = A9F7D67B26FE678200062817 /* Landmarks.app */;
			productType = "com.apple.product-type.application";
		};
/* End PBXNativeTarget section */

/* Begin PBXProject section */
		A9F7D67326FE678200062817 /* Project object */ = {
			isa = PBXProject;
			attributes = {
				LastSwiftUpdateCheck = 1300;
				LastUpgradeCheck = 1250;
				TargetAttributes = {
					A9ED6B28270E83F6009BD4CE = {
						CreatedOnToolsVersion = 13.0;
					};
					A9ED6B30270E83FA009BD4CE = {
						CreatedOnToolsVersion = 13.0;
					};
					A9F7D67A26FE678200062817 = {
						CreatedOnToolsVersion = 12.5;
					};
				};
			};
			buildConfigurationList = A9F7D67626FE678200062817 /* Build configuration list for PBXProject "Landmarks" */;
			compatibilityVersion = "Xcode 9.3";
			developmentRegion = en;
			hasScannedForEncodings = 0;
			knownRegions = (
				en,
				Base,
			);
			mainGroup = A9F7D67226FE678200062817;
			productRefGroup = A9F7D67C26FE678200062817 /* Products */;
			projectDirPath = "";
			projectRoot = "";
			targets = (
				A9F7D67A26FE678200062817 /* Landmarks */,
				A9ED6B28270E83F6009BD4CE /* WatchLandmarks */,
				A9ED6B30270E83FA009BD4CE /* WatchLandmarks WatchKit Extension */,
			);
		};
/* End PBXProject section */

/* Begin PBXResourcesBuildPhase section */
		A9ED6B27270E83F6009BD4CE /* Resources */ = {
			isa = PBXResourcesBuildPhase;
			buildActionMask = 2147483647;
			files = (
				A9ED6B2C270E83FA009BD4CE /* Assets.xcassets in Resources */,
			);
			runOnlyForDeploymentPostprocessing = 0;
		};
		A9ED6B2F270E83FA009BD4CE /* Resources */ = {
			isa = PBXResourcesBuildPhase;
			buildActionMask = 2147483647;
			files = (
				A9ED6B44270E83FC009BD4CE /* Preview Assets.xcassets in Resources */,
				A9ED6B41270E83FC009BD4CE /* Assets.xcassets in Resources */,
			);
			runOnlyForDeploymentPostprocessing = 0;
		};
		A9F7D67926FE678200062817 /* Resources */ = {
			isa = PBXResourcesBuildPhase;
			buildActionMask = 2147483647;
			files = (
				A98CDAF527066A3A00376E3A /* hikeData.json in Resources */,
				A9F7D68626FE678600062817 /* Preview Assets.xcassets in Resources */,
				A9F7D6AD26FE91E400062817 /* landmarkData.json in Resources */,
				A9F7D68326FE678600062817 /* Assets.xcassets in Resources */,
			);
			runOnlyForDeploymentPostprocessing = 0;
		};
/* End PBXResourcesBuildPhase section */

/* Begin PBXSourcesBuildPhase section */
		A9ED6B2D270E83FA009BD4CE /* Sources */ = {
			isa = PBXSourcesBuildPhase;
			buildActionMask = 2147483647;
			files = (
				A9ED6B3B270E83FA009BD4CE /* NotificationController.swift in Sources */,
				A9ED6B39270E83FA009BD4CE /* ContentView.swift in Sources */,
				A9ED6B3F270E83FA009BD4CE /* ComplicationController.swift in Sources */,
				A9ED6B37270E83FA009BD4CE /* LandmarksApp.swift in Sources */,
				A9ED6B3D270E83FA009BD4CE /* NotificationView.swift in Sources */,
			);
			runOnlyForDeploymentPostprocessing = 0;
		};
		A9F7D67726FE678200062817 /* Sources */ = {
			isa = PBXSourcesBuildPhase;
			buildActionMask = 2147483647;
			files = (
				A98CDB052706963A00376E3A /* CategoryRow.swift in Sources */,
				A950288427076C0A003772E7 /* Profile.swift in Sources */,
				A9F7D68126FE678200062817 /* ContentView.swift in Sources */,
				A98CDB032706930700376E3A /* CategoryHome.swift in Sources */,
				A94E7276270B329100AB061A /* FeatureCard.swift in Sources */,
				A98CDAFE2706867400376E3A /* HikeGraph.swift in Sources */,
				A98CDAF22706616C00376E3A /* Badge.swift in Sources */,
				A9F7D69026FE76F100062817 /* MapView.swift in Sources */,
				A98CDAFD2706867400376E3A /* GraphCapsule.swift in Sources */,
				A9F7D67F26FE678200062817 /* LandmarksApp.swift in Sources */,
				A9ED6B26270E8045009BD4CE /* PageControl.swift in Sources */,
				A90586B42704972C00269DF4 /* FavoriteButton.swift in Sources */,
				A98CDB072706984200376E3A /* CategoryItem.swift in Sources */,
				A98CDAFF2706867400376E3A /* HikeDetail.swift in Sources */,
				A950288927076D4D003772E7 /* ProfileSummary.swift in Sources */,
				A9F59A652705E76D0058F590 /* HexagonParameters.swift in Sources */,
				A950288727076CAC003772E7 /* ProfileHost.swift in Sources */,
				A98CDAF7270671D400376E3A /* Hike.swift in Sources */,
				A9F59A6B2706218C0058F590 /* RotatedBadgeSymbol.swift in Sources */,
				A94E7278270B339600AB061A /* PageView.swift in Sources */,
				A9F59A6927061EBF0058F590 /* BadgeSymbol.swift in Sources */,
				A950288D2707BB19003772E7 /* ProfileEditor.swift in Sources */,
				A95A0EB927034D790046270C /* LandmarkList.swift in Sources */,
				A98CDB002706867400376E3A /* HikeView.swift in Sources */,
				A95A0EBB2703794E0046270C /* LandmarkDetail.swift in Sources */,
				A94E7274270B2B0C00AB061A /* PageViewController.swift in Sources */,
				A9F59A672705EA0A0058F590 /* BadgeBackground.swift in Sources */,
				A950288B27076FB6003772E7 /* HikeBadge.swift in Sources */,
				A9F7D68E26FE728000062817 /* CircleImage.swift in Sources */,
				A9F7D6AF26FE92EE00062817 /* Landmark.swift in Sources */,
				A95A0EB7270342F50046270C /* LandmarkRow.swift in Sources */,
				A9F7D6B12701F4DB00062817 /* ModelData.swift in Sources */,
			);
			runOnlyForDeploymentPostprocessing = 0;
		};
/* End PBXSourcesBuildPhase section */

/* Begin PBXTargetDependency section */
		A9ED6B34270E83FA009BD4CE /* PBXTargetDependency */ = {
			isa = PBXTargetDependency;
			target = A9ED6B30270E83FA009BD4CE /* WatchLandmarks WatchKit Extension */;
			targetProxy = A9ED6B33270E83FA009BD4CE /* PBXContainerItemProxy */;
		};
		A9ED6B48270E83FC009BD4CE /* PBXTargetDependency */ = {
			isa = PBXTargetDependency;
			target = A9ED6B28270E83F6009BD4CE /* WatchLandmarks */;
			targetProxy = A9ED6B47270E83FC009BD4CE /* PBXContainerItemProxy */;
		};
/* End PBXTargetDependency section */

/* Begin XCBuildConfiguration section */
		A9ED6B4B270E83FC009BD4CE /* Debug */ = {
			isa = XCBuildConfiguration;
			buildSettings = {
				ASSETCATALOG_COMPILER_COMPLICATION_NAME = Complication;
				CLANG_CXX_LANGUAGE_STANDARD = "gnu++17";
				CODE_SIGN_STYLE = Automatic;
				CURRENT_PROJECT_VERSION = 1;
				DEVELOPMENT_ASSET_PATHS = "\"WatchLandmarks WatchKit Extension/Preview Content\"";
				DEVELOPMENT_TEAM = 824FT32848;
				ENABLE_PREVIEWS = YES;
				GENERATE_INFOPLIST_FILE = YES;
				INFOPLIST_FILE = "WatchLandmarks WatchKit Extension/Info.plist";
				INFOPLIST_KEY_CFBundleDisplayName = "WatchLandmarks WatchKit Extension";
				INFOPLIST_KEY_CLKComplicationPrincipalClass = WatchLandmarks_WatchKit_Extension.ComplicationController;
				INFOPLIST_KEY_NSHumanReadableCopyright = "";
				INFOPLIST_KEY_WKRunsIndependentlyOfCompanionApp = YES;
				LD_RUNPATH_SEARCH_PATHS = (
					"$(inherited)",
					"@executable_path/Frameworks",
					"@executable_path/../../Frameworks",
				);
				MARKETING_VERSION = 1.0;
				PRODUCT_BUNDLE_IDENTIFIER = com.wils.Landmarks.watchkitapp.watchkitextension;
				PRODUCT_NAME = "${TARGET_NAME}";
				SDKROOT = watchos;
				SKIP_INSTALL = YES;
				SWIFT_EMIT_LOC_STRINGS = YES;
				SWIFT_VERSION = 5.0;
				TARGETED_DEVICE_FAMILY = 4;
				WATCHOS_DEPLOYMENT_TARGET = 8.0;
			};
			name = Debug;
		};
		A9ED6B4C270E83FC009BD4CE /* Release */ = {
			isa = XCBuildConfiguration;
			buildSettings = {
				ASSETCATALOG_COMPILER_COMPLICATION_NAME = Complication;
				CLANG_CXX_LANGUAGE_STANDARD = "gnu++17";
				CODE_SIGN_STYLE = Automatic;
				CURRENT_PROJECT_VERSION = 1;
				DEVELOPMENT_ASSET_PATHS = "\"WatchLandmarks WatchKit Extension/Preview Content\"";
				DEVELOPMENT_TEAM = 824FT32848;
				ENABLE_PREVIEWS = YES;
				GENERATE_INFOPLIST_FILE = YES;
				INFOPLIST_FILE = "WatchLandmarks WatchKit Extension/Info.plist";
				INFOPLIST_KEY_CFBundleDisplayName = "WatchLandmarks WatchKit Extension";
				INFOPLIST_KEY_CLKComplicationPrincipalClass = WatchLandmarks_WatchKit_Extension.ComplicationController;
				INFOPLIST_KEY_NSHumanReadableCopyright = "";
				INFOPLIST_KEY_WKRunsIndependentlyOfCompanionApp = YES;
				LD_RUNPATH_SEARCH_PATHS = (
					"$(inherited)",
					"@executable_path/Frameworks",
					"@executable_path/../../Frameworks",
				);
				MARKETING_VERSION = 1.0;
				PRODUCT_BUNDLE_IDENTIFIER = com.wils.Landmarks.watchkitapp.watchkitextension;
				PRODUCT_NAME = "${TARGET_NAME}";
				SDKROOT = watchos;
				SKIP_INSTALL = YES;
				SWIFT_EMIT_LOC_STRINGS = YES;
				SWIFT_VERSION = 5.0;
				TARGETED_DEVICE_FAMILY = 4;
				WATCHOS_DEPLOYMENT_TARGET = 8.0;
			};
			name = Release;
		};
		A9ED6B4F270E83FC009BD4CE /* Debug */ = {
			isa = XCBuildConfiguration;
			buildSettings = {
				ALWAYS_EMBED_SWIFT_STANDARD_LIBRARIES = YES;
				ASSETCATALOG_COMPILER_APPICON_NAME = AppIcon;
				ASSETCATALOG_COMPILER_GLOBAL_ACCENT_COLOR_NAME = AccentColor;
				CLANG_CXX_LANGUAGE_STANDARD = "gnu++17";
				CODE_SIGN_STYLE = Automatic;
				CURRENT_PROJECT_VERSION = 1;
				DEVELOPMENT_TEAM = 824FT32848;
				GENERATE_INFOPLIST_FILE = YES;
				IBSC_MODULE = WatchLandmarks_WatchKit_Extension;
				INFOPLIST_KEY_CFBundleDisplayName = WatchLandmarks;
				INFOPLIST_KEY_UISupportedInterfaceOrientations = "UIInterfaceOrientationPortrait UIInterfaceOrientationPortraitUpsideDown";
				INFOPLIST_KEY_WKCompanionAppBundleIdentifier = com.wils.Landmarks;
				MARKETING_VERSION = 1.0;
				PRODUCT_BUNDLE_IDENTIFIER = com.wils.Landmarks.watchkitapp;
				PRODUCT_NAME = "$(TARGET_NAME)";
				SDKROOT = watchos;
				SKIP_INSTALL = YES;
				SWIFT_EMIT_LOC_STRINGS = YES;
				SWIFT_VERSION = 5.0;
				TARGETED_DEVICE_FAMILY = 4;
				WATCHOS_DEPLOYMENT_TARGET = 8.0;
			};
			name = Debug;
		};
		A9ED6B50270E83FC009BD4CE /* Release */ = {
			isa = XCBuildConfiguration;
			buildSettings = {
				ALWAYS_EMBED_SWIFT_STANDARD_LIBRARIES = YES;
				ASSETCATALOG_COMPILER_APPICON_NAME = AppIcon;
				ASSETCATALOG_COMPILER_GLOBAL_ACCENT_COLOR_NAME = AccentColor;
				CLANG_CXX_LANGUAGE_STANDARD = "gnu++17";
				CODE_SIGN_STYLE = Automatic;
				CURRENT_PROJECT_VERSION = 1;
				DEVELOPMENT_TEAM = 824FT32848;
				GENERATE_INFOPLIST_FILE = YES;
				IBSC_MODULE = WatchLandmarks_WatchKit_Extension;
				INFOPLIST_KEY_CFBundleDisplayName = WatchLandmarks;
				INFOPLIST_KEY_UISupportedInterfaceOrientations = "UIInterfaceOrientationPortrait UIInterfaceOrientationPortraitUpsideDown";
				INFOPLIST_KEY_WKCompanionAppBundleIdentifier = com.wils.Landmarks;
				MARKETING_VERSION = 1.0;
				PRODUCT_BUNDLE_IDENTIFIER = com.wils.Landmarks.watchkitapp;
				PRODUCT_NAME = "$(TARGET_NAME)";
				SDKROOT = watchos;
				SKIP_INSTALL = YES;
				SWIFT_EMIT_LOC_STRINGS = YES;
				SWIFT_VERSION = 5.0;
				TARGETED_DEVICE_FAMILY = 4;
				WATCHOS_DEPLOYMENT_TARGET = 8.0;
			};
			name = Release;
		};
		A9F7D68826FE678600062817 /* Debug */ = {
			isa = XCBuildConfiguration;
			buildSettings = {
				ALWAYS_SEARCH_USER_PATHS = NO;
				CLANG_ANALYZER_NONNULL = YES;
				CLANG_ANALYZER_NUMBER_OBJECT_CONVERSION = YES_AGGRESSIVE;
				CLANG_CXX_LANGUAGE_STANDARD = "gnu++14";
				CLANG_CXX_LIBRARY = "libc++";
				CLANG_ENABLE_MODULES = YES;
				CLANG_ENABLE_OBJC_ARC = YES;
				CLANG_ENABLE_OBJC_WEAK = YES;
				CLANG_WARN_BLOCK_CAPTURE_AUTORELEASING = YES;
				CLANG_WARN_BOOL_CONVERSION = YES;
				CLANG_WARN_COMMA = YES;
				CLANG_WARN_CONSTANT_CONVERSION = YES;
				CLANG_WARN_DEPRECATED_OBJC_IMPLEMENTATIONS = YES;
				CLANG_WARN_DIRECT_OBJC_ISA_USAGE = YES_ERROR;
				CLANG_WARN_DOCUMENTATION_COMMENTS = YES;
				CLANG_WARN_EMPTY_BODY = YES;
				CLANG_WARN_ENUM_CONVERSION = YES;
				CLANG_WARN_INFINITE_RECURSION = YES;
				CLANG_WARN_INT_CONVERSION = YES;
				CLANG_WARN_NON_LITERAL_NULL_CONVERSION = YES;
				CLANG_WARN_OBJC_IMPLICIT_RETAIN_SELF = YES;
				CLANG_WARN_OBJC_LITERAL_CONVERSION = YES;
				CLANG_WARN_OBJC_ROOT_CLASS = YES_ERROR;
				CLANG_WARN_QUOTED_INCLUDE_IN_FRAMEWORK_HEADER = YES;
				CLANG_WARN_RANGE_LOOP_ANALYSIS = YES;
				CLANG_WARN_STRICT_PROTOTYPES = YES;
				CLANG_WARN_SUSPICIOUS_MOVE = YES;
				CLANG_WARN_UNGUARDED_AVAILABILITY = YES_AGGRESSIVE;
				CLANG_WARN_UNREACHABLE_CODE = YES;
				CLANG_WARN__DUPLICATE_METHOD_MATCH = YES;
				COPY_PHASE_STRIP = NO;
				DEBUG_INFORMATION_FORMAT = dwarf;
				ENABLE_STRICT_OBJC_MSGSEND = YES;
				ENABLE_TESTABILITY = YES;
				GCC_C_LANGUAGE_STANDARD = gnu11;
				GCC_DYNAMIC_NO_PIC = NO;
				GCC_NO_COMMON_BLOCKS = YES;
				GCC_OPTIMIZATION_LEVEL = 0;
				GCC_PREPROCESSOR_DEFINITIONS = (
					"DEBUG=1",
					"$(inherited)",
				);
				GCC_WARN_64_TO_32_BIT_CONVERSION = YES;
				GCC_WARN_ABOUT_RETURN_TYPE = YES_ERROR;
				GCC_WARN_UNDECLARED_SELECTOR = YES;
				GCC_WARN_UNINITIALIZED_AUTOS = YES_AGGRESSIVE;
				GCC_WARN_UNUSED_FUNCTION = YES;
				GCC_WARN_UNUSED_VARIABLE = YES;
				IPHONEOS_DEPLOYMENT_TARGET = 14.5;
				MTL_ENABLE_DEBUG_INFO = INCLUDE_SOURCE;
				MTL_FAST_MATH = YES;
				ONLY_ACTIVE_ARCH = YES;
				SDKROOT = iphoneos;
				SWIFT_ACTIVE_COMPILATION_CONDITIONS = DEBUG;
				SWIFT_OPTIMIZATION_LEVEL = "-Onone";
			};
			name = Debug;
		};
		A9F7D68926FE678600062817 /* Release */ = {
			isa = XCBuildConfiguration;
			buildSettings = {
				ALWAYS_SEARCH_USER_PATHS = NO;
				CLANG_ANALYZER_NONNULL = YES;
				CLANG_ANALYZER_NUMBER_OBJECT_CONVERSION = YES_AGGRESSIVE;
				CLANG_CXX_LANGUAGE_STANDARD = "gnu++14";
				CLANG_CXX_LIBRARY = "libc++";
				CLANG_ENABLE_MODULES = YES;
				CLANG_ENABLE_OBJC_ARC = YES;
				CLANG_ENABLE_OBJC_WEAK = YES;
				CLANG_WARN_BLOCK_CAPTURE_AUTORELEASING = YES;
				CLANG_WARN_BOOL_CONVERSION = YES;
				CLANG_WARN_COMMA = YES;
				CLANG_WARN_CONSTANT_CONVERSION = YES;
				CLANG_WARN_DEPRECATED_OBJC_IMPLEMENTATIONS = YES;
				CLANG_WARN_DIRECT_OBJC_ISA_USAGE = YES_ERROR;
				CLANG_WARN_DOCUMENTATION_COMMENTS = YES;
				CLANG_WARN_EMPTY_BODY = YES;
				CLANG_WARN_ENUM_CONVERSION = YES;
				CLANG_WARN_INFINITE_RECURSION = YES;
				CLANG_WARN_INT_CONVERSION = YES;
				CLANG_WARN_NON_LITERAL_NULL_CONVERSION = YES;
				CLANG_WARN_OBJC_IMPLICIT_RETAIN_SELF = YES;
				CLANG_WARN_OBJC_LITERAL_CONVERSION = YES;
				CLANG_WARN_OBJC_ROOT_CLASS = YES_ERROR;
				CLANG_WARN_QUOTED_INCLUDE_IN_FRAMEWORK_HEADER = YES;
				CLANG_WARN_RANGE_LOOP_ANALYSIS = YES;
				CLANG_WARN_STRICT_PROTOTYPES = YES;
				CLANG_WARN_SUSPICIOUS_MOVE = YES;
				CLANG_WARN_UNGUARDED_AVAILABILITY = YES_AGGRESSIVE;
				CLANG_WARN_UNREACHABLE_CODE = YES;
				CLANG_WARN__DUPLICATE_METHOD_MATCH = YES;
				COPY_PHASE_STRIP = NO;
				DEBUG_INFORMATION_FORMAT = "dwarf-with-dsym";
				ENABLE_NS_ASSERTIONS = NO;
				ENABLE_STRICT_OBJC_MSGSEND = YES;
				GCC_C_LANGUAGE_STANDARD = gnu11;
				GCC_NO_COMMON_BLOCKS = YES;
				GCC_WARN_64_TO_32_BIT_CONVERSION = YES;
				GCC_WARN_ABOUT_RETURN_TYPE = YES_ERROR;
				GCC_WARN_UNDECLARED_SELECTOR = YES;
				GCC_WARN_UNINITIALIZED_AUTOS = YES_AGGRESSIVE;
				GCC_WARN_UNUSED_FUNCTION = YES;
				GCC_WARN_UNUSED_VARIABLE = YES;
				IPHONEOS_DEPLOYMENT_TARGET = 14.5;
				MTL_ENABLE_DEBUG_INFO = NO;
				MTL_FAST_MATH = YES;
				SDKROOT = iphoneos;
				SWIFT_COMPILATION_MODE = wholemodule;
				SWIFT_OPTIMIZATION_LEVEL = "-O";
				VALIDATE_PRODUCT = YES;
			};
			name = Release;
		};
		A9F7D68B26FE678600062817 /* Debug */ = {
			isa = XCBuildConfiguration;
			buildSettings = {
				ASSETCATALOG_COMPILER_APPICON_NAME = AppIcon;
				ASSETCATALOG_COMPILER_GLOBAL_ACCENT_COLOR_NAME = AccentColor;
				CODE_SIGN_STYLE = Automatic;
				DEVELOPMENT_ASSET_PATHS = "\"Landmarks/Preview Content\"";
				DEVELOPMENT_TEAM = 824FT32848;
				ENABLE_PREVIEWS = YES;
				INFOPLIST_FILE = Landmarks/Info.plist;
				IPHONEOS_DEPLOYMENT_TARGET = 14.0;
				LD_RUNPATH_SEARCH_PATHS = (
					"$(inherited)",
					"@executable_path/Frameworks",
				);
				PRODUCT_BUNDLE_IDENTIFIER = com.wils.Landmarks;
				PRODUCT_NAME = "$(TARGET_NAME)";
				SWIFT_VERSION = 5.0;
				TARGETED_DEVICE_FAMILY = "1,2";
			};
			name = Debug;
		};
		A9F7D68C26FE678600062817 /* Release */ = {
			isa = XCBuildConfiguration;
			buildSettings = {
				ASSETCATALOG_COMPILER_APPICON_NAME = AppIcon;
				ASSETCATALOG_COMPILER_GLOBAL_ACCENT_COLOR_NAME = AccentColor;
				CODE_SIGN_STYLE = Automatic;
				DEVELOPMENT_ASSET_PATHS = "\"Landmarks/Preview Content\"";
				DEVELOPMENT_TEAM = 824FT32848;
				ENABLE_PREVIEWS = YES;
				INFOPLIST_FILE = Landmarks/Info.plist;
				IPHONEOS_DEPLOYMENT_TARGET = 14.0;
				LD_RUNPATH_SEARCH_PATHS = (
					"$(inherited)",
					"@executable_path/Frameworks",
				);
				PRODUCT_BUNDLE_IDENTIFIER = com.wils.Landmarks;
				PRODUCT_NAME = "$(TARGET_NAME)";
				SWIFT_VERSION = 5.0;
				TARGETED_DEVICE_FAMILY = "1,2";
			};
			name = Release;
		};
/* End XCBuildConfiguration section */

/* Begin XCConfigurationList section */
		A9ED6B4A270E83FC009BD4CE /* Build configuration list for PBXNativeTarget "WatchLandmarks WatchKit Extension" */ = {
			isa = XCConfigurationList;
			buildConfigurations = (
				A9ED6B4B270E83FC009BD4CE /* Debug */,
				A9ED6B4C270E83FC009BD4CE /* Release */,
			);
			defaultConfigurationIsVisible = 0;
			defaultConfigurationName = Release;
		};
		A9ED6B4E270E83FC009BD4CE /* Build configuration list for PBXNativeTarget "WatchLandmarks" */ = {
			isa = XCConfigurationList;
			buildConfigurations = (
				A9ED6B4F270E83FC009BD4CE /* Debug */,
				A9ED6B50270E83FC009BD4CE /* Release */,
			);
			defaultConfigurationIsVisible = 0;
			defaultConfigurationName = Release;
		};
		A9F7D67626FE678200062817 /* Build configuration list for PBXProject "Landmarks" */ = {
			isa = XCConfigurationList;
			buildConfigurations = (
				A9F7D68826FE678600062817 /* Debug */,
				A9F7D68926FE678600062817 /* Release */,
			);
			defaultConfigurationIsVisible = 0;
			defaultConfigurationName = Release;
		};
		A9F7D68A26FE678600062817 /* Build configuration list for PBXNativeTarget "Landmarks" */ = {
			isa = XCConfigurationList;
			buildConfigurations = (
				A9F7D68B26FE678600062817 /* Debug */,
				A9F7D68C26FE678600062817 /* Release */,
			);
			defaultConfigurationIsVisible = 0;
			defaultConfigurationName = Release;
		};
/* End XCConfigurationList section */
	};
	rootObject = A9F7D67326FE678200062817 /* Project object */;
}
